#MicroXplorer Configuration settings - do not modify
Bdma.Request0=SPI6_RX
Bdma.Request1=SPI6_TX
Bdma.RequestsNb=2
Bdma.SPI6_RX.0.Direction=DMA_PERIPH_TO_MEMORY
Bdma.SPI6_RX.0.EventEnable=DISABLE
Bdma.SPI6_RX.0.Instance=BDMA_Channel0
Bdma.SPI6_RX.0.MemDataAlignment=DMA_MDATAALIGN_BYTE
Bdma.SPI6_RX.0.MemInc=DMA_MINC_ENABLE
Bdma.SPI6_RX.0.Mode=DMA_NORMAL
Bdma.SPI6_RX.0.PeriphDataAlignment=DMA_PDATAALIGN_BYTE
Bdma.SPI6_RX.0.PeriphInc=DMA_PINC_DISABLE
Bdma.SPI6_RX.0.Polarity=HAL_DMAMUX_REQ_GEN_RISING
Bdma.SPI6_RX.0.Priority=DMA_PRIORITY_LOW
Bdma.SPI6_RX.0.RequestNumber=1
Bdma.SPI6_RX.0.RequestParameters=Instance,Direction,PeriphInc,MemInc,PeriphDataAlignment,MemDataAlignment,Mode,Priority,SignalID,Polarity,RequestNumber,SyncSignalID,SyncPolarity,SyncEnable,EventEnable,SyncRequestNumber
Bdma.SPI6_RX.0.SignalID=NONE
Bdma.SPI6_RX.0.SyncEnable=DISABLE
Bdma.SPI6_RX.0.SyncPolarity=HAL_DMAMUX_SYNC_NO_EVENT
Bdma.SPI6_RX.0.SyncRequestNumber=1
Bdma.SPI6_RX.0.SyncSignalID=NONE
Bdma.SPI6_TX.1.Direction=DMA_MEMORY_TO_PERIPH
Bdma.SPI6_TX.1.EventEnable=DISABLE
Bdma.SPI6_TX.1.Instance=BDMA_Channel1
Bdma.SPI6_TX.1.MemDataAlignment=DMA_MDATAALIGN_BYTE
Bdma.SPI6_TX.1.MemInc=DMA_MINC_ENABLE
Bdma.SPI6_TX.1.Mode=DMA_NORMAL
Bdma.SPI6_TX.1.PeriphDataAlignment=DMA_PDATAALIGN_BYTE
Bdma.SPI6_TX.1.PeriphInc=DMA_PINC_DISABLE
Bdma.SPI6_TX.1.Polarity=HAL_DMAMUX_REQ_GEN_RISING
Bdma.SPI6_TX.1.Priority=DMA_PRIORITY_LOW
Bdma.SPI6_TX.1.RequestNumber=1
Bdma.SPI6_TX.1.RequestParameters=Instance,Direction,PeriphInc,MemInc,PeriphDataAlignment,MemDataAlignment,Mode,Priority,SignalID,Polarity,RequestNumber,SyncSignalID,SyncPolarity,SyncEnable,EventEnable,SyncRequestNumber
Bdma.SPI6_TX.1.SignalID=NONE
Bdma.SPI6_TX.1.SyncEnable=DISABLE
Bdma.SPI6_TX.1.SyncPolarity=HAL_DMAMUX_SYNC_NO_EVENT
Bdma.SPI6_TX.1.SyncRequestNumber=1
Bdma.SPI6_TX.1.SyncSignalID=NONE
CORTEX_M7.AccessPermission-Cortex_Memory_Protection_Unit_Region0_Settings=MPU_REGION_NO_ACCESS
CORTEX_M7.AccessPermission-Cortex_Memory_Protection_Unit_Region1_Settings=MPU_REGION_FULL_ACCESS
CORTEX_M7.AccessPermission-Cortex_Memory_Protection_Unit_Region2_Settings=MPU_REGION_FULL_ACCESS
CORTEX_M7.AccessPermission-Cortex_Memory_Protection_Unit_Region3_Settings=MPU_REGION_FULL_ACCESS
CORTEX_M7.AccessPermission-Cortex_Memory_Protection_Unit_Region4_Settings=MPU_REGION_FULL_ACCESS
CORTEX_M7.AccessPermission_S-Cortex_Memory_Protection_Unit_Region1_Settings_S=MPU_REGION_FULL_ACCESS
CORTEX_M7.AccessPermission_Spec=MPU_REGION_NO_ACCESS
CORTEX_M7.BaseAddress-Cortex_Memory_Protection_Unit_Region0_Settings=0x0
CORTEX_M7.BaseAddress-Cortex_Memory_Protection_Unit_Region1_Settings=0x20000000
CORTEX_M7.BaseAddress-Cortex_Memory_Protection_Unit_Region2_Settings=0x24000000
CORTEX_M7.BaseAddress-Cortex_Memory_Protection_Unit_Region3_Settings=0x30000000
CORTEX_M7.BaseAddress-Cortex_Memory_Protection_Unit_Region4_Settings=0x38000000
CORTEX_M7.BaseAddress_S-Cortex_Memory_Protection_Unit_Region1_Settings_S=0x24000000
CORTEX_M7.CPU_DCache=Enabled
CORTEX_M7.CPU_ICache=Enabled
CORTEX_M7.DisableExec-Cortex_Memory_Protection_Unit_Region0_Settings=MPU_INSTRUCTION_ACCESS_DISABLE
CORTEX_M7.DisableExec_Spec=MPU_INSTRUCTION_ACCESS_DISABLE
CORTEX_M7.Enable-Cortex_Memory_Protection_Unit_Region0_Settings=MPU_REGION_ENABLE
CORTEX_M7.Enable-Cortex_Memory_Protection_Unit_Region1_Settings=MPU_REGION_ENABLE
CORTEX_M7.Enable-Cortex_Memory_Protection_Unit_Region2_Settings=MPU_REGION_ENABLE
CORTEX_M7.Enable-Cortex_Memory_Protection_Unit_Region3_Settings=MPU_REGION_ENABLE
CORTEX_M7.Enable-Cortex_Memory_Protection_Unit_Region4_Settings=MPU_REGION_ENABLE
CORTEX_M7.Enable_S-Cortex_Memory_Protection_Unit_Region1_Settings_S=MPU_REGION_ENABLE
CORTEX_M7.IPParameters=CPU_ICache,CPU_DCache,default_mode_Activation,MPU_Control,Enable-Cortex_Memory_Protection_Unit_Region0_Settings,AccessPermission_Spec,IsCacheable_Spec,IsBufferable_Spec,DisableExec_Spec,Enable-Cortex_Memory_Protection_Unit_Region1_Settings,Enable-Cortex_Memory_Protection_Unit_Region2_Settings,Enable_S-Cortex_Memory_Protection_Unit_Region1_Settings_S,BaseAddress_S-Cortex_Memory_Protection_Unit_Region1_Settings_S,Size_S-Cortex_Memory_Protection_Unit_Region1_Settings_S,AccessPermission_S-Cortex_Memory_Protection_Unit_Region1_Settings_S,TypeExtField_S-Cortex_Memory_Protection_Unit_Region1_Settings_S,IsCacheable_S-Cortex_Memory_Protection_Unit_Region1_Settings_S,BaseAddress-Cortex_Memory_Protection_Unit_Region0_Settings,Size-Cortex_Memory_Protection_Unit_Region0_Settings,AccessPermission-Cortex_Memory_Protection_Unit_Region0_Settings,IsCacheable-Cortex_Memory_Protection_Unit_Region0_Settings,IsBufferable-Cortex_Memory_Protection_Unit_Region0_Settings,BaseAddress-Cortex_Memory_Protection_Unit_Region1_Settings,Size-Cortex_Memory_Protection_Unit_Region1_Settings,IsCacheable-Cortex_Memory_Protection_Unit_Region1_Settings,IsBufferable-Cortex_Memory_Protection_Unit_Region1_Settings,AccessPermission-Cortex_Memory_Protection_Unit_Region1_Settings,BaseAddress-Cortex_Memory_Protection_Unit_Region2_Settings,Size-Cortex_Memory_Protection_Unit_Region2_Settings,AccessPermission-Cortex_Memory_Protection_Unit_Region2_Settings,IsCacheable-Cortex_Memory_Protection_Unit_Region2_Settings,IsBufferable-Cortex_Memory_Protection_Unit_Region2_Settings,Enable-Cortex_Memory_Protection_Unit_Region3_Settings,BaseAddress-Cortex_Memory_Protection_Unit_Region3_Settings,Size-Cortex_Memory_Protection_Unit_Region3_Settings,AccessPermission-Cortex_Memory_Protection_Unit_Region3_Settings,IsCacheable-Cortex_Memory_Protection_Unit_Region3_Settings,IsBufferable-Cortex_Memory_Protection_Unit_Region3_Settings,Enable-Cortex_Memory_Protection_Unit_Region4_Settings,BaseAddress-Cortex_Memory_Protection_Unit_Region4_Settings,Size-Cortex_Memory_Protection_Unit_Region4_Settings,AccessPermission-Cortex_Memory_Protection_Unit_Region4_Settings,IsCacheable-Cortex_Memory_Protection_Unit_Region4_Settings,IsBufferable-Cortex_Memory_Protection_Unit_Region4_Settings,DisableExec-Cortex_Memory_Protection_Unit_Region0_Settings,IsShareable-Cortex_Memory_Protection_Unit_Region0_Settings,TypeExtField-Cortex_Memory_Protection_Unit_Region2_Settings,TypeExtField-Cortex_Memory_Protection_Unit_Region1_Settings,SubRegionDisable-Cortex_Memory_Protection_Unit_Region0_Settings
CORTEX_M7.IsBufferable-Cortex_Memory_Protection_Unit_Region0_Settings=MPU_ACCESS_NOT_BUFFERABLE
CORTEX_M7.IsBufferable-Cortex_Memory_Protection_Unit_Region1_Settings=MPU_ACCESS_BUFFERABLE
CORTEX_M7.IsBufferable-Cortex_Memory_Protection_Unit_Region2_Settings=MPU_ACCESS_NOT_BUFFERABLE
CORTEX_M7.IsBufferable-Cortex_Memory_Protection_Unit_Region3_Settings=MPU_ACCESS_BUFFERABLE
CORTEX_M7.IsBufferable-Cortex_Memory_Protection_Unit_Region4_Settings=MPU_ACCESS_BUFFERABLE
CORTEX_M7.IsBufferable_Spec=MPU_ACCESS_NOT_BUFFERABLE
CORTEX_M7.IsCacheable-Cortex_Memory_Protection_Unit_Region0_Settings=MPU_ACCESS_NOT_CACHEABLE
CORTEX_M7.IsCacheable-Cortex_Memory_Protection_Unit_Region1_Settings=MPU_ACCESS_CACHEABLE
CORTEX_M7.IsCacheable-Cortex_Memory_Protection_Unit_Region2_Settings=MPU_ACCESS_NOT_CACHEABLE
CORTEX_M7.IsCacheable-Cortex_Memory_Protection_Unit_Region3_Settings=MPU_ACCESS_CACHEABLE
CORTEX_M7.IsCacheable-Cortex_Memory_Protection_Unit_Region4_Settings=MPU_ACCESS_CACHEABLE
CORTEX_M7.IsCacheable_S-Cortex_Memory_Protection_Unit_Region1_Settings_S=MPU_ACCESS_NOT_CACHEABLE
CORTEX_M7.IsCacheable_Spec=MPU_ACCESS_NOT_CACHEABLE
CORTEX_M7.IsShareable-Cortex_Memory_Protection_Unit_Region0_Settings=MPU_ACCESS_SHAREABLE
CORTEX_M7.MPU_Control=MPU_PRIVILEGED_DEFAULT
CORTEX_M7.Size-Cortex_Memory_Protection_Unit_Region0_Settings=MPU_REGION_SIZE_4GB
CORTEX_M7.Size-Cortex_Memory_Protection_Unit_Region1_Settings=MPU_REGION_SIZE_128KB
CORTEX_M7.Size-Cortex_Memory_Protection_Unit_Region2_Settings=MPU_REGION_SIZE_512KB
CORTEX_M7.Size-Cortex_Memory_Protection_Unit_Region3_Settings=MPU_REGION_SIZE_512KB
CORTEX_M7.Size-Cortex_Memory_Protection_Unit_Region4_Settings=MPU_REGION_SIZE_64KB
CORTEX_M7.Size_S-Cortex_Memory_Protection_Unit_Region1_Settings_S=MPU_REGION_SIZE_512KB
CORTEX_M7.SubRegionDisable-Cortex_Memory_Protection_Unit_Region0_Settings=0x87
CORTEX_M7.TypeExtField-Cortex_Memory_Protection_Unit_Region1_Settings=MPU_TEX_LEVEL0
CORTEX_M7.TypeExtField-Cortex_Memory_Protection_Unit_Region2_Settings=MPU_TEX_LEVEL1
CORTEX_M7.TypeExtField_S-Cortex_Memory_Protection_Unit_Region1_Settings_S=MPU_TEX_LEVEL1
CORTEX_M7.default_mode_Activation=0
Dma.Request0=SPI1_RX
Dma.Request1=SPI1_TX
Dma.Request2=SPI4_RX
Dma.Request3=SPI4_TX
Dma.Request4=UART7_RX
Dma.Request5=UART7_TX
Dma.RequestsNb=6
Dma.SPI1_RX.0.Direction=DMA_PERIPH_TO_MEMORY
Dma.SPI1_RX.0.EventEnable=DISABLE
Dma.SPI1_RX.0.FIFOMode=DMA_FIFOMODE_DISABLE
Dma.SPI1_RX.0.Instance=DMA1_Stream1
Dma.SPI1_RX.0.MemDataAlignment=DMA_MDATAALIGN_BYTE
Dma.SPI1_RX.0.MemInc=DMA_MINC_ENABLE
Dma.SPI1_RX.0.Mode=DMA_NORMAL
Dma.SPI1_RX.0.PeriphDataAlignment=DMA_PDATAALIGN_BYTE
Dma.SPI1_RX.0.PeriphInc=DMA_PINC_DISABLE
Dma.SPI1_RX.0.Polarity=HAL_DMAMUX_REQ_GEN_RISING
Dma.SPI1_RX.0.Priority=DMA_PRIORITY_MEDIUM
Dma.SPI1_RX.0.RequestNumber=1
Dma.SPI1_RX.0.RequestParameters=Instance,Direction,PeriphInc,MemInc,PeriphDataAlignment,MemDataAlignment,Mode,Priority,FIFOMode,SignalID,Polarity,RequestNumber,SyncSignalID,SyncPolarity,SyncEnable,EventEnable,SyncRequestNumber
Dma.SPI1_RX.0.SignalID=NONE
Dma.SPI1_RX.0.SyncEnable=DISABLE
Dma.SPI1_RX.0.SyncPolarity=HAL_DMAMUX_SYNC_NO_EVENT
Dma.SPI1_RX.0.SyncRequestNumber=1
Dma.SPI1_RX.0.SyncSignalID=NONE
Dma.SPI1_TX.1.Direction=DMA_MEMORY_TO_PERIPH
Dma.SPI1_TX.1.EventEnable=DISABLE
Dma.SPI1_TX.1.FIFOMode=DMA_FIFOMODE_DISABLE
Dma.SPI1_TX.1.Instance=DMA1_Stream0
Dma.SPI1_TX.1.MemDataAlignment=DMA_MDATAALIGN_BYTE
Dma.SPI1_TX.1.MemInc=DMA_MINC_ENABLE
Dma.SPI1_TX.1.Mode=DMA_NORMAL
Dma.SPI1_TX.1.PeriphDataAlignment=DMA_PDATAALIGN_BYTE
Dma.SPI1_TX.1.PeriphInc=DMA_PINC_DISABLE
Dma.SPI1_TX.1.Polarity=HAL_DMAMUX_REQ_GEN_RISING
Dma.SPI1_TX.1.Priority=DMA_PRIORITY_HIGH
Dma.SPI1_TX.1.RequestNumber=1
Dma.SPI1_TX.1.RequestParameters=Instance,Direction,PeriphInc,MemInc,PeriphDataAlignment,MemDataAlignment,Mode,Priority,FIFOMode,SignalID,Polarity,RequestNumber,SyncSignalID,SyncPolarity,SyncEnable,EventEnable,SyncRequestNumber
Dma.SPI1_TX.1.SignalID=NONE
Dma.SPI1_TX.1.SyncEnable=DISABLE
Dma.SPI1_TX.1.SyncPolarity=HAL_DMAMUX_SYNC_NO_EVENT
Dma.SPI1_TX.1.SyncRequestNumber=1
Dma.SPI1_TX.1.SyncSignalID=NONE
Dma.SPI4_RX.2.Direction=DMA_PERIPH_TO_MEMORY
Dma.SPI4_RX.2.EventEnable=DISABLE
Dma.SPI4_RX.2.FIFOMode=DMA_FIFOMODE_DISABLE
Dma.SPI4_RX.2.Instance=DMA1_Stream3
Dma.SPI4_RX.2.MemDataAlignment=DMA_MDATAALIGN_BYTE
Dma.SPI4_RX.2.MemInc=DMA_MINC_ENABLE
Dma.SPI4_RX.2.Mode=DMA_NORMAL
Dma.SPI4_RX.2.PeriphDataAlignment=DMA_PDATAALIGN_BYTE
Dma.SPI4_RX.2.PeriphInc=DMA_PINC_DISABLE
Dma.SPI4_RX.2.Polarity=HAL_DMAMUX_REQ_GEN_RISING
Dma.SPI4_RX.2.Priority=DMA_PRIORITY_LOW
Dma.SPI4_RX.2.RequestNumber=1
Dma.SPI4_RX.2.RequestParameters=Instance,Direction,PeriphInc,MemInc,PeriphDataAlignment,MemDataAlignment,Mode,Priority,FIFOMode,SignalID,Polarity,RequestNumber,SyncSignalID,SyncPolarity,SyncEnable,EventEnable,SyncRequestNumber
Dma.SPI4_RX.2.SignalID=NONE
Dma.SPI4_RX.2.SyncEnable=DISABLE
Dma.SPI4_RX.2.SyncPolarity=HAL_DMAMUX_SYNC_NO_EVENT
Dma.SPI4_RX.2.SyncRequestNumber=1
Dma.SPI4_RX.2.SyncSignalID=NONE
Dma.SPI4_TX.3.Direction=DMA_MEMORY_TO_PERIPH
Dma.SPI4_TX.3.EventEnable=DISABLE
Dma.SPI4_TX.3.FIFOMode=DMA_FIFOMODE_DISABLE
Dma.SPI4_TX.3.Instance=DMA1_Stream2
Dma.SPI4_TX.3.MemDataAlignment=DMA_MDATAALIGN_BYTE
Dma.SPI4_TX.3.MemInc=DMA_MINC_ENABLE
Dma.SPI4_TX.3.Mode=DMA_NORMAL
Dma.SPI4_TX.3.PeriphDataAlignment=DMA_PDATAALIGN_BYTE
Dma.SPI4_TX.3.PeriphInc=DMA_PINC_DISABLE
Dma.SPI4_TX.3.Polarity=HAL_DMAMUX_REQ_GEN_RISING
Dma.SPI4_TX.3.Priority=DMA_PRIORITY_LOW
Dma.SPI4_TX.3.RequestNumber=1
Dma.SPI4_TX.3.RequestParameters=Instance,Direction,PeriphInc,MemInc,PeriphDataAlignment,MemDataAlignment,Mode,Priority,FIFOMode,SignalID,Polarity,RequestNumber,SyncSignalID,SyncPolarity,SyncEnable,EventEnable,SyncRequestNumber
Dma.SPI4_TX.3.SignalID=NONE
Dma.SPI4_TX.3.SyncEnable=DISABLE
Dma.SPI4_TX.3.SyncPolarity=HAL_DMAMUX_SYNC_NO_EVENT
Dma.SPI4_TX.3.SyncRequestNumber=1
Dma.SPI4_TX.3.SyncSignalID=NONE
Dma.UART7_RX.4.Direction=DMA_PERIPH_TO_MEMORY
Dma.UART7_RX.4.EventEnable=DISABLE
Dma.UART7_RX.4.FIFOMode=DMA_FIFOMODE_DISABLE
Dma.UART7_RX.4.Instance=DMA1_Stream4
Dma.UART7_RX.4.MemDataAlignment=DMA_MDATAALIGN_BYTE
Dma.UART7_RX.4.MemInc=DMA_MINC_ENABLE
Dma.UART7_RX.4.Mode=DMA_NORMAL
Dma.UART7_RX.4.PeriphDataAlignment=DMA_PDATAALIGN_BYTE
Dma.UART7_RX.4.PeriphInc=DMA_PINC_DISABLE
Dma.UART7_RX.4.Polarity=HAL_DMAMUX_REQ_GEN_RISING
Dma.UART7_RX.4.Priority=DMA_PRIORITY_LOW
Dma.UART7_RX.4.RequestNumber=1
Dma.UART7_RX.4.RequestParameters=Instance,Direction,PeriphInc,MemInc,PeriphDataAlignment,MemDataAlignment,Mode,Priority,FIFOMode,SignalID,Polarity,RequestNumber,SyncSignalID,SyncPolarity,SyncEnable,EventEnable,SyncRequestNumber
Dma.UART7_RX.4.SignalID=NONE
Dma.UART7_RX.4.SyncEnable=DISABLE
Dma.UART7_RX.4.SyncPolarity=HAL_DMAMUX_SYNC_NO_EVENT
Dma.UART7_RX.4.SyncRequestNumber=1
Dma.UART7_RX.4.SyncSignalID=NONE
Dma.UART7_TX.5.Direction=DMA_MEMORY_TO_PERIPH
Dma.UART7_TX.5.EventEnable=DISABLE
Dma.UART7_TX.5.FIFOMode=DMA_FIFOMODE_DISABLE
Dma.UART7_TX.5.Instance=DMA1_Stream5
Dma.UART7_TX.5.MemDataAlignment=DMA_MDATAALIGN_BYTE
Dma.UART7_TX.5.MemInc=DMA_MINC_ENABLE
Dma.UART7_TX.5.Mode=DMA_NORMAL
Dma.UART7_TX.5.PeriphDataAlignment=DMA_PDATAALIGN_BYTE
Dma.UART7_TX.5.PeriphInc=DMA_PINC_DISABLE
Dma.UART7_TX.5.Polarity=HAL_DMAMUX_REQ_GEN_RISING
Dma.UART7_TX.5.Priority=DMA_PRIORITY_LOW
Dma.UART7_TX.5.RequestNumber=1
Dma.UART7_TX.5.RequestParameters=Instance,Direction,PeriphInc,MemInc,PeriphDataAlignment,MemDataAlignment,Mode,Priority,FIFOMode,SignalID,Polarity,RequestNumber,SyncSignalID,SyncPolarity,SyncEnable,EventEnable,SyncRequestNumber
Dma.UART7_TX.5.SignalID=NONE
Dma.UART7_TX.5.SyncEnable=DISABLE
Dma.UART7_TX.5.SyncPolarity=HAL_DMAMUX_SYNC_NO_EVENT
Dma.UART7_TX.5.SyncRequestNumber=1
Dma.UART7_TX.5.SyncSignalID=NONE
FDCAN1.CalculateBaudRateNominal=1250000
FDCAN1.CalculateTimeBitNominal=800
FDCAN1.CalculateTimeQuantumNominal=160.0
FDCAN1.IPParameters=CalculateTimeQuantumNominal,CalculateTimeBitNominal,CalculateBaudRateNominal
File.Version=6
GPIO.groupedBy=Group By Peripherals
KeepUserPlacement=false
Mcu.CPN=STM32H743XIH6
Mcu.Family=STM32H7
Mcu.IP0=BDMA
Mcu.IP1=CORTEX_M7
Mcu.IP10=SPI6
Mcu.IP11=SYS
Mcu.IP12=TIM5
Mcu.IP13=UART7
Mcu.IP14=USB_DEVICE
Mcu.IP15=USB_OTG_FS
Mcu.IP2=DEBUG
Mcu.IP3=DMA
Mcu.IP4=FDCAN1
Mcu.IP5=NVIC
Mcu.IP6=RCC
Mcu.IP7=SDMMC1
Mcu.IP8=SPI1
Mcu.IP9=SPI4
Mcu.IPNb=16
Mcu.Name=STM32H743XIHx
Mcu.Package=TFBGA240
Mcu.Pin0=PC10
Mcu.Pin1=PI0
Mcu.Pin10=PD7
Mcu.Pin11=PC12
Mcu.Pin12=PA13 (JTMS/SWDIO)
Mcu.Pin13=PB9
Mcu.Pin14=PG13
Mcu.Pin15=PD2
Mcu.Pin16=PA9
Mcu.Pin17=PE6
Mcu.Pin18=PC8
Mcu.Pin19=PC9
Mcu.Pin2=PG11
Mcu.Pin20=PA12
Mcu.Pin21=PA11
Mcu.Pin22=PH1-OSC_OUT (PH1)
Mcu.Pin23=PH0-OSC_IN (PH0)
Mcu.Pin24=PF6
Mcu.Pin25=PH10
Mcu.Pin26=PH11
Mcu.Pin27=PA6
Mcu.Pin28=PA7
Mcu.Pin29=PH12
Mcu.Pin3=PC11
Mcu.Pin30=PE8
Mcu.Pin31=PE13
Mcu.Pin32=VP_SYS_VS_Systick
Mcu.Pin33=VP_TIM5_VS_ClockSourceINT
Mcu.Pin34=VP_USB_DEVICE_VS_USB_DEVICE_CDC_FS
Mcu.Pin35=VP_STMicroelectronics.X-CUBE-ALGOBUILD_VS_DSPOoLibraryJjLibrary_1.3.0_1.3.0
Mcu.Pin4=PA14 (JTCK/SWCLK)
Mcu.Pin5=PH14
Mcu.Pin6=PC15-OSC32_OUT (OSC32_OUT)
Mcu.Pin7=PC14-OSC32_IN (OSC32_IN)
Mcu.Pin8=PE2
Mcu.Pin9=PG12
Mcu.PinsNb=36
Mcu.ThirdParty0=STMicroelectronics.X-CUBE-ALGOBUILD.1.3.0
Mcu.ThirdPartyNb=1
Mcu.UserConstants=
Mcu.UserName=STM32H743XIHx
MxCube.Version=6.6.1
MxDb.Version=DB.6.0.60
NVIC.BDMA_Channel0_IRQn=true\:5\:0\:true\:false\:false\:false\:true\:false
NVIC.BDMA_Channel1_IRQn=true\:5\:0\:true\:false\:false\:false\:true\:false
NVIC.BusFault_IRQn=true\:0\:0\:false\:false\:true\:false\:false\:false
NVIC.DMA1_Stream0_IRQn=true\:5\:0\:true\:false\:false\:false\:true\:false
NVIC.DMA1_Stream1_IRQn=true\:5\:0\:true\:false\:false\:false\:true\:false
NVIC.DMA1_Stream2_IRQn=true\:5\:0\:true\:false\:false\:false\:true\:false
NVIC.DMA1_Stream3_IRQn=true\:5\:0\:true\:false\:false\:false\:true\:false
NVIC.DMA1_Stream4_IRQn=true\:5\:0\:true\:false\:false\:false\:true\:false
NVIC.DMA1_Stream5_IRQn=true\:5\:0\:true\:false\:false\:false\:true\:false
NVIC.DebugMonitor_IRQn=true\:0\:0\:false\:false\:true\:false\:false\:false
NVIC.ForceEnableDMAVector=true
NVIC.HardFault_IRQn=true\:0\:0\:false\:false\:true\:false\:false\:false
NVIC.MemoryManagement_IRQn=true\:0\:0\:false\:false\:true\:false\:false\:false
NVIC.NonMaskableInt_IRQn=true\:0\:0\:false\:false\:true\:false\:false\:false
NVIC.OTG_FS_IRQn=true\:5\:0\:true\:false\:false\:false\:true\:false
NVIC.PendSV_IRQn=true\:15\:0\:true\:false\:false\:false\:false\:false
NVIC.PriorityGroup=NVIC_PRIORITYGROUP_4
NVIC.SDMMC1_IRQn=true\:5\:0\:true\:false\:false\:true\:true\:false
NVIC.SPI1_IRQn=true\:5\:0\:true\:false\:false\:true\:true\:false
NVIC.SPI4_IRQn=true\:5\:0\:true\:false\:false\:false\:true\:false
NVIC.SPI6_IRQn=true\:5\:0\:true\:false\:false\:false\:true\:false
NVIC.SVCall_IRQn=true\:0\:0\:false\:false\:true\:false\:false\:false
NVIC.SysTick_IRQn=true\:15\:0\:false\:false\:true\:false\:true\:false
NVIC.UART7_IRQn=true\:5\:0\:true\:false\:false\:true\:true\:false
NVIC.UsageFault_IRQn=true\:0\:0\:false\:false\:true\:false\:false\:false
PA11.GPIOParameters=GPIO_Speed
PA11.GPIO_Speed=GPIO_SPEED_FREQ_HIGH
PA11.Mode=Device_Only
PA11.Signal=USB_OTG_FS_DM
PA12.GPIOParameters=GPIO_Speed
PA12.GPIO_Speed=GPIO_SPEED_FREQ_HIGH
PA12.Mode=Device_Only
PA12.Signal=USB_OTG_FS_DP
PA13\ (JTMS/SWDIO).Mode=Serial_Wire
PA13\ (JTMS/SWDIO).Signal=DEBUG_JTMS-SWDIO
PA14\ (JTCK/SWCLK).Mode=Serial_Wire
PA14\ (JTCK/SWCLK).Signal=DEBUG_JTCK-SWCLK
PA6.GPIOParameters=GPIO_Speed
PA6.GPIO_Speed=GPIO_SPEED_FREQ_VERY_HIGH
PA6.Locked=true
PA6.Mode=Full_Duplex_Master
PA6.Signal=SPI1_MISO
PA7.Locked=true
PA7.Mode=Full_Duplex_Master
PA7.Signal=SPI6_MOSI
PA9.Mode=Activate_VBUS
PA9.Signal=USB_OTG_FS_VBUS
PB9.Mode=FDCAN_Activate
PB9.Signal=FDCAN1_TX
PC10.Mode=SD_4_bits_Wide_bus
PC10.Signal=SDMMC1_D2
PC11.Mode=SD_4_bits_Wide_bus
PC11.Signal=SDMMC1_D3
PC12.Mode=SD_4_bits_Wide_bus
PC12.Signal=SDMMC1_CK
PC14-OSC32_IN\ (OSC32_IN).Mode=LSE-External-Oscillator
PC14-OSC32_IN\ (OSC32_IN).Signal=RCC_OSC32_IN
PC15-OSC32_OUT\ (OSC32_OUT).Mode=LSE-External-Oscillator
PC15-OSC32_OUT\ (OSC32_OUT).Signal=RCC_OSC32_OUT
PC8.Mode=SD_4_bits_Wide_bus
PC8.Signal=SDMMC1_D0
PC9.Mode=SD_4_bits_Wide_bus
PC9.Signal=SDMMC1_D1
PD2.Mode=SD_4_bits_Wide_bus
PD2.Signal=SDMMC1_CMD
PD7.GPIOParameters=GPIO_Speed
PD7.GPIO_Speed=GPIO_SPEED_FREQ_VERY_HIGH
PD7.Locked=true
PD7.Mode=Full_Duplex_Master
PD7.Signal=SPI1_MOSI
PE13.Locked=true
PE13.Mode=Full_Duplex_Master
PE13.Signal=SPI4_MISO
PE2.Locked=true
PE2.Mode=Full_Duplex_Master
PE2.Signal=SPI4_SCK
PE6.Locked=true
PE6.Mode=Full_Duplex_Master
PE6.Signal=SPI4_MOSI
PE8.GPIOParameters=GPIO_Speed
PE8.GPIO_Speed=GPIO_SPEED_FREQ_VERY_HIGH
PE8.Locked=true
PE8.Mode=Asynchronous
PE8.Signal=UART7_TX
PF6.GPIOParameters=GPIO_Speed,PinAttribute
PF6.GPIO_Speed=GPIO_SPEED_FREQ_VERY_HIGH
PF6.Locked=true
PF6.Mode=Asynchronous
PF6.PinAttribute=Free
PF6.Signal=UART7_RX
PG11.GPIOParameters=GPIO_Speed,GPIO_PuPd,GPIO_Mode
PG11.GPIO_Mode=GPIO_MODE_AF_PP
PG11.GPIO_PuPd=GPIO_PULLUP
PG11.GPIO_Speed=GPIO_SPEED_FREQ_VERY_HIGH
PG11.Locked=true
PG11.Mode=Full_Duplex_Master
PG11.Signal=SPI1_SCK
PG12.Locked=true
PG12.Mode=Full_Duplex_Master
PG12.Signal=SPI6_MISO
PG13.Locked=true
PG13.Mode=Full_Duplex_Master
PG13.Signal=SPI6_SCK
PH0-OSC_IN\ (PH0).GPIOParameters=PinAttribute
PH0-OSC_IN\ (PH0).Mode=HSE-External-Oscillator
PH0-OSC_IN\ (PH0).PinAttribute=Free
PH0-OSC_IN\ (PH0).Signal=RCC_OSC_IN
PH1-OSC_OUT\ (PH1).GPIOParameters=PinAttribute
PH1-OSC_OUT\ (PH1).Mode=HSE-External-Oscillator
PH1-OSC_OUT\ (PH1).PinAttribute=Free
PH1-OSC_OUT\ (PH1).Signal=RCC_OSC_OUT
PH10.GPIOParameters=PinAttribute
PH10.Locked=true
PH10.PinAttribute=Free
PH10.Signal=S_TIM5_CH1
PH11.GPIOParameters=PinAttribute
PH11.Locked=true
PH11.PinAttribute=Free
PH11.Signal=S_TIM5_CH2
PH12.Locked=true
PH12.Signal=S_TIM5_CH3
PH14.Mode=FDCAN_Activate
PH14.Signal=FDCAN1_RX
PI0.Locked=true
PI0.Signal=S_TIM5_CH4
PinOutPanel.CurrentBGAView=Top
PinOutPanel.RotationAngle=0
ProjectManager.AskForMigrate=true
ProjectManager.BackupPrevious=false
ProjectManager.CompilerOptimize=6
ProjectManager.ComputerToolchain=false
ProjectManager.CoupleFile=true
ProjectManager.CustomerFirmwarePackage=
ProjectManager.DefaultFWLocation=true
ProjectManager.DeletePrevious=true
ProjectManager.DeviceId=STM32H743XIHx
ProjectManager.FirmwarePackage=STM32Cube FW_H7 V1.10.0
ProjectManager.FreePins=false
ProjectManager.HalAssertFull=false
ProjectManager.HeapSize=0x20000
ProjectManager.KeepUserCode=true
ProjectManager.LastFirmware=true
ProjectManager.LibraryCopy=1
ProjectManager.MainLocation=Core/Src
ProjectManager.NoMain=false
ProjectManager.PreviousToolchain=STM32CubeIDE
ProjectManager.ProjectBuild=false
ProjectManager.ProjectFileName=X7Pro_Driver.ioc
ProjectManager.ProjectName=X7Pro_Driver
ProjectManager.RegisterCallBack=
ProjectManager.StackSize=0x2000
ProjectManager.TargetToolchain=STM32CubeIDE
ProjectManager.ToolChainLocation=
ProjectManager.UnderRoot=true
ProjectManager.functionlistsort=1-SystemClock_Config-RCC-false-HAL-false,2-MX_GPIO_Init-GPIO-true-HAL-true,3-MX_DMA_Init-DMA-true-LL-true,4-MX_UART7_Init-UART7-true-LL-true,5-MX_BDMA_Init-BDMA-true-LL-true,6-MX_SPI4_Init-SPI4-true-LL-true,7-MX_SPI6_Init-SPI6-true-LL-true,8-MX_SPI1_Init-SPI1-true-LL-true,9-MX_TIM5_Init-TIM5-true-LL-true,10-MX_SDMMC1_SD_Init-SDMMC1-true-HAL-true,11-MX_USB_DEVICE_Init-USB_DEVICE-true-HAL-false,12-MX_FDCAN1_Init-FDCAN1-true-HAL-true,0-MX_CORTEX_M7_Init-CORTEX_M7-false-HAL-true
RCC.ADCFreq_Value=200000000
RCC.AHB12Freq_Value=200000000
RCC.AHB4Freq_Value=200000000
RCC.APB1Freq_Value=100000000
RCC.APB2Freq_Value=100000000
RCC.APB3Freq_Value=100000000
RCC.APB4Freq_Value=100000000
RCC.AXIClockFreq_Value=200000000
RCC.CECFreq_Value=32000
RCC.CKPERFreq_Value=64000000
RCC.CortexFreq_Value=400000000
RCC.CpuClockFreq_Value=400000000
RCC.D1CPREFreq_Value=400000000
RCC.D1PPRE=RCC_APB3_DIV2
RCC.D2PPRE1=RCC_APB1_DIV2
RCC.D2PPRE2=RCC_APB2_DIV2
RCC.D3PPRE=RCC_APB4_DIV2
RCC.DFSDMACLkFreq_Value=100000000
RCC.DFSDMFreq_Value=100000000
RCC.DIVM1=4
RCC.DIVM2=4
RCC.DIVM3=2
RCC.DIVN1=200
RCC.DIVN2=100
RCC.DIVN3=20
RCC.DIVP1Freq_Value=400000000
RCC.DIVP2Freq_Value=200000000
RCC.DIVP3=4
RCC.DIVP3Freq_Value=40000000
RCC.DIVQ1=8
RCC.DIVQ1Freq_Value=100000000
RCC.DIVQ2Freq_Value=200000000
RCC.DIVQ3Freq_Value=80000000
RCC.DIVR1=4
RCC.DIVR1Freq_Value=200000000
RCC.DIVR2Freq_Value=200000000
RCC.DIVR3Freq_Value=80000000
RCC.FDCANFreq_Value=100000000
RCC.FMCFreq_Value=200000000
RCC.FamilyName=M
RCC.HCLK3ClockFreq_Value=200000000
RCC.HCLKFreq_Value=200000000
RCC.HPRE=RCC_HCLK_DIV2
RCC.HRTIMFreq_Value=200000000
RCC.HSE_VALUE=16000000
RCC.I2C123Freq_Value=100000000
RCC.I2C4Freq_Value=100000000
RCC.IPParameters=ADCFreq_Value,AHB12Freq_Value,AHB4Freq_Value,APB1Freq_Value,APB2Freq_Value,APB3Freq_Value,APB4Freq_Value,AXIClockFreq_Value,CECFreq_Value,CKPERFreq_Value,CortexFreq_Value,CpuClockFreq_Value,D1CPREFreq_Value,D1PPRE,D2PPRE1,D2PPRE2,D3PPRE,DFSDMACLkFreq_Value,DFSDMFreq_Value,DIVM1,DIVM2,DIVM3,DIVN1,DIVN2,DIVN3,DIVP1Freq_Value,DIVP2Freq_Value,DIVP3,DIVP3Freq_Value,DIVQ1,DIVQ1Freq_Value,DIVQ2Freq_Value,DIVQ3Freq_Value,DIVR1,DIVR1Freq_Value,DIVR2Freq_Value,DIVR3Freq_Value,FDCANFreq_Value,FMCFreq_Value,FamilyName,HCLK3ClockFreq_Value,HCLKFreq_Value,HPRE,HRTIMFreq_Value,HSE_VALUE,I2C123Freq_Value,I2C4Freq_Value,LPTIM1Freq_Value,LPTIM2Freq_Value,LPTIM345Freq_Value,LPUART1Freq_Value,LTDCFreq_Value,MCO1PinFreq_Value,MCO2PinFreq_Value,PLL2FRACN,PLL2_VCI_Range-AdvancedSettings,PLL3FRACN,PLLFRACN,PLLSourceVirtual,QSPIFreq_Value,RNGFreq_Value,RTCFreq_Value,SAI1Freq_Value,SAI23Freq_Value,SAI4AFreq_Value,SAI4BFreq_Value,SDMMCFreq_Value,SPDIFRXFreq_Value,SPI123Freq_Value,SPI45Freq_Value,SPI6Freq_Value,SWPMI1Freq_Value,SYSCLKFreq_VALUE,SYSCLKSource,Tim1OutputFreq_Value,Tim2OutputFreq_Value,TraceFreq_Value,USART16Freq_Value,USART234578Freq_Value,USBCLockSelection,USBFreq_Value,VCO1OutputFreq_Value,VCO2OutputFreq_Value,VCO3OutputFreq_Value,VCOInput1Freq_Value,VCOInput2Freq_Value,VCOInput3Freq_Value
RCC.LPTIM1Freq_Value=100000000
RCC.LPTIM2Freq_Value=100000000
RCC.LPTIM345Freq_Value=100000000
RCC.LPUART1Freq_Value=100000000
RCC.LTDCFreq_Value=80000000
RCC.MCO1PinFreq_Value=64000000
RCC.MCO2PinFreq_Value=400000000
RCC.PLL2FRACN=0
RCC.PLL2_VCI_Range-AdvancedSettings=RCC_PLL2VCIRANGE_3
RCC.PLL3FRACN=0
RCC.PLLFRACN=0
RCC.PLLSourceVirtual=RCC_PLLSOURCE_HSE
RCC.QSPIFreq_Value=200000000
RCC.RNGFreq_Value=48000000
RCC.RTCFreq_Value=32000
RCC.SAI1Freq_Value=100000000
RCC.SAI23Freq_Value=100000000
RCC.SAI4AFreq_Value=100000000
RCC.SAI4BFreq_Value=100000000
RCC.SDMMCFreq_Value=100000000
RCC.SPDIFRXFreq_Value=100000000
RCC.SPI123Freq_Value=100000000
RCC.SPI45Freq_Value=100000000
RCC.SPI6Freq_Value=100000000
RCC.SWPMI1Freq_Value=100000000
RCC.SYSCLKFreq_VALUE=400000000
RCC.SYSCLKSource=RCC_SYSCLKSOURCE_PLLCLK
RCC.Tim1OutputFreq_Value=200000000
RCC.Tim2OutputFreq_Value=200000000
RCC.TraceFreq_Value=200000000
RCC.USART16Freq_Value=100000000
RCC.USART234578Freq_Value=100000000
RCC.USBCLockSelection=RCC_USBCLKSOURCE_HSI48
RCC.USBFreq_Value=48000000
RCC.VCO1OutputFreq_Value=800000000
RCC.VCO2OutputFreq_Value=400000000
RCC.VCO3OutputFreq_Value=160000000
RCC.VCOInput1Freq_Value=4000000
RCC.VCOInput2Freq_Value=4000000
RCC.VCOInput3Freq_Value=8000000
SH.S_TIM5_CH1.0=TIM5_CH1,PWM Generation1 CH1
SH.S_TIM5_CH1.ConfNb=1
SH.S_TIM5_CH2.0=TIM5_CH2,PWM Generation2 CH2
SH.S_TIM5_CH2.ConfNb=1
SH.S_TIM5_CH3.0=TIM5_CH3,PWM Generation3 CH3
SH.S_TIM5_CH3.ConfNb=1
SH.S_TIM5_CH4.0=TIM5_CH4,PWM Generation4 CH4
SH.S_TIM5_CH4.ConfNb=1
SPI1.BaudRatePrescaler=SPI_BAUDRATEPRESCALER_128
SPI1.CLKPhase=SPI_PHASE_2EDGE
SPI1.CLKPolarity=SPI_POLARITY_HIGH
SPI1.CRCCalculation=SPI_CRCCALCULATION_DISABLE
SPI1.CalculateBaudRate=781.25 KBits/s
SPI1.DataSize=SPI_DATASIZE_8BIT
SPI1.Direction=SPI_DIRECTION_2LINES
SPI1.IPParameters=VirtualType,Mode,Direction,CalculateBaudRate,DataSize,BaudRatePrescaler,CLKPolarity,CLKPhase,CRCCalculation,NSSPMode,MasterKeepIOState
SPI1.MasterKeepIOState=SPI_MASTER_KEEP_IO_STATE_DISABLE
SPI1.Mode=SPI_MODE_MASTER
SPI1.NSSPMode=SPI_NSS_PULSE_DISABLE
SPI1.VirtualType=VM_MASTER
SPI4.BaudRatePrescaler=SPI_BAUDRATEPRESCALER_128
SPI4.CalculateBaudRate=781.25 KBits/s
SPI4.DataSize=SPI_DATASIZE_8BIT
SPI4.Direction=SPI_DIRECTION_2LINES
SPI4.IPParameters=VirtualType,Mode,Direction,CalculateBaudRate,DataSize,BaudRatePrescaler
SPI4.Mode=SPI_MODE_MASTER
SPI4.VirtualType=VM_MASTER
SPI6.BaudRatePrescaler=SPI_BAUDRATEPRESCALER_128
SPI6.CalculateBaudRate=781.25 KBits/s
SPI6.DataSize=SPI_DATASIZE_8BIT
SPI6.Direction=SPI_DIRECTION_2LINES
SPI6.IPParameters=VirtualType,Mode,Direction,CalculateBaudRate,DataSize,BaudRatePrescaler
SPI6.Mode=SPI_MODE_MASTER
SPI6.VirtualType=VM_MASTER
STMicroelectronics.X-CUBE-ALGOBUILD.1.3.0.DSPOoLibraryJjLibrary_Checked=true
STMicroelectronics.X-CUBE-ALGOBUILD.1.3.0.IPParameters=LibraryCcDSPOoLibraryJjDSPOoLibrary
STMicroelectronics.X-CUBE-ALGOBUILD.1.3.0.LibraryCcDSPOoLibraryJjDSPOoLibrary=true
STMicroelectronics.X-CUBE-ALGOBUILD.1.3.0_SwParameter=LibraryCcDSPOoLibraryJjDSPOoLibrary\:true;
TIM5.AutoReloadPreload=TIM_AUTORELOAD_PRELOAD_ENABLE
TIM5.Channel-PWM\ Generation1\ CH1=TIM_CHANNEL_1
TIM5.Channel-PWM\ Generation2\ CH2=TIM_CHANNEL_2
TIM5.Channel-PWM\ Generation3\ CH3=TIM_CHANNEL_3
TIM5.Channel-PWM\ Generation4\ CH4=TIM_CHANNEL_4
TIM5.ClockDivision=TIM_CLOCKDIVISION_DIV2
TIM5.IPParameters=Channel-PWM Generation1 CH1,Channel-PWM Generation2 CH2,Channel-PWM Generation3 CH3,Channel-PWM Generation4 CH4,Period,AutoReloadPreload,Prescaler,ClockDivision
TIM5.Period=9999
TIM5.Prescaler=4999
UART7.BaudRate=460800
UART7.IPParameters=BaudRate
USB_DEVICE.CLASS_NAME_FS=CDC
USB_DEVICE.IPParameters=VirtualMode-CDC_FS,VirtualModeFS,CLASS_NAME_FS
USB_DEVICE.VirtualMode-CDC_FS=Cdc
USB_DEVICE.VirtualModeFS=Cdc_FS
USB_OTG_FS.IPParameters=VirtualMode
USB_OTG_FS.VirtualMode=Device_Only
VP_STMicroelectronics.X-CUBE-ALGOBUILD_VS_DSPOoLibraryJjLibrary_1.3.0_1.3.0.Mode=DSPOoLibraryJjLibrary
VP_STMicroelectronics.X-CUBE-ALGOBUILD_VS_DSPOoLibraryJjLibrary_1.3.0_1.3.0.Signal=STMicroelectronics.X-CUBE-ALGOBUILD_VS_DSPOoLibraryJjLibrary_1.3.0_1.3.0
VP_SYS_VS_Systick.Mode=SysTick
VP_SYS_VS_Systick.Signal=SYS_VS_Systick
VP_TIM5_VS_ClockSourceINT.Mode=Internal
VP_TIM5_VS_ClockSourceINT.Signal=TIM5_VS_ClockSourceINT
VP_USB_DEVICE_VS_USB_DEVICE_CDC_FS.Mode=CDC_FS
VP_USB_DEVICE_VS_USB_DEVICE_CDC_FS.Signal=USB_DEVICE_VS_USB_DEVICE_CDC_FS
board=custom
